
Microsoft Visual Studio Solution File, Format Version 12.00
# Visual Studio Version 17
VisualStudioVersion = 17.0.31903.59
MinimumVisualStudioVersion = 10.0.40219.1
Project("{2150E333-8FDC-42A3-9474-1A3956D46DE8}") = "src", "src", "{827E0CD3-B72D-47B6-A68D-7590B98EB39B}"
EndProject
Project("{FAE04EC0-301F-11D3-BF4B-00C04F79EFBC}") = "OpsManager.Domain", "src\OpsManager.Domain\OpsManager.Domain.csproj", "{6EBE7288-4F3F-4618-98A1-40979DAB735E}"
EndProject
Project("{FAE04EC0-301F-11D3-BF4B-00C04F79EFBC}") = "OpsManager.Repository", "src\OpsManager.Repository\OpsManager.Repository.csproj", "{7EB92A45-4FE8-4C6C-BB8A-4E32E5FF78F8}"
EndProject
Project("{FAE04EC0-301F-11D3-BF4B-00C04F79EFBC}") = "OpsManager.Service", "src\OpsManager.Service\OpsManager.Service.csproj", "{E9B4B723-DEE8-4F56-B89F-2A92895D5D28}"
EndProject
Project("{FAE04EC0-301F-11D3-BF4B-00C04F79EFBC}") = "OpsManager.Api", "src\OpsManager.Api\OpsManager.Api.csproj", "{8799F9AF-3E8F-4E51-BD28-BB04FEFC8CA9}"
EndProject
Project("{2150E333-8FDC-42A3-9474-1A3956D46DE8}") = "tests", "tests", "{0AB3BF05-4346-4AA6-1389-037BE0695223}"
EndProject
Project("{FAE04EC0-301F-11D3-BF4B-00C04F79EFBC}") = "OpsManager.Domain.Tests", "tests\OpsManager.Domain.Tests\OpsManager.Domain.Tests.csproj", "{FD05E32F-0D64-4771-9E1A-EA52E343C576}"
EndProject
Project("{FAE04EC0-301F-11D3-BF4B-00C04F79EFBC}") = "OpsManager.Repository.IntegrationTests", "tests\OpsManager.Repository.IntegrationTests\OpsManager.Repository.IntegrationTests.csproj", "{7F89B730-38A7-4B0C-BF9E-082214104F76}"
EndProject
Project("{FAE04EC0-301F-11D3-BF4B-00C04F79EFBC}") = "OpsManager.Service.Tests", "tests\OpsManager.Service.Tests\OpsManager.Service.Tests.csproj", "{94BED81B-7CE8-408A-AD78-CBAEED94D0B6}"
EndProject
Project("{FAE04EC0-301F-11D3-BF4B-00C04F79EFBC}") = "OpsManager.Api.IntegrationTests", "tests\OpsManager.Api.IntegrationTests\OpsManager.Api.IntegrationTests.csproj", "{65A57741-8B89-4EB4-ACC7-BB4E470107DD}"
EndProject
Global
	GlobalSection(SolutionConfigurationPlatforms) = preSolution
		Debug|Any CPU = Debug|Any CPU
		Debug|x64 = Debug|x64
		Debug|x86 = Debug|x86
		Release|Any CPU = Release|Any CPU
		Release|x64 = Release|x64
		Release|x86 = Release|x86
	EndGlobalSection
	GlobalSection(ProjectConfigurationPlatforms) = postSolution
		{6EBE7288-4F3F-4618-98A1-40979DAB735E}.Debug|Any CPU.ActiveCfg = Debug|Any CPU
		{6EBE7288-4F3F-4618-98A1-40979DAB735E}.Debug|Any CPU.Build.0 = Debug|Any CPU
		{6EBE7288-4F3F-4618-98A1-40979DAB735E}.Debug|x64.ActiveCfg = Debug|Any CPU
		{6EBE7288-4F3F-4618-98A1-40979DAB735E}.Debug|x64.Build.0 = Debug|Any CPU
		{6EBE7288-4F3F-4618-98A1-40979DAB735E}.Debug|x86.ActiveCfg = Debug|Any CPU
		{6EBE7288-4F3F-4618-98A1-40979DAB735E}.Debug|x86.Build.0 = Debug|Any CPU
		{6EBE7288-4F3F-4618-98A1-40979DAB735E}.Release|Any CPU.ActiveCfg = Release|Any CPU
		{6EBE7288-4F3F-4618-98A1-40979DAB735E}.Release|Any CPU.Build.0 = Release|Any CPU
		{6EBE7288-4F3F-4618-98A1-40979DAB735E}.Release|x64.ActiveCfg = Release|Any CPU
		{6EBE7288-4F3F-4618-98A1-40979DAB735E}.Release|x64.Build.0 = Release|Any CPU
		{6EBE7288-4F3F-4618-98A1-40979DAB735E}.Release|x86.ActiveCfg = Release|Any CPU
		{6EBE7288-4F3F-4618-98A1-40979DAB735E}.Release|x86.Build.0 = Release|Any CPU
		{7EB92A45-4FE8-4C6C-BB8A-4E32E5FF78F8}.Debug|Any CPU.ActiveCfg = Debug|Any CPU
		{7EB92A45-4FE8-4C6C-BB8A-4E32E5FF78F8}.Debug|Any CPU.Build.0 = Debug|Any CPU
		{7EB92A45-4FE8-4C6C-BB8A-4E32E5FF78F8}.Debug|x64.ActiveCfg = Debug|Any CPU
		{7EB92A45-4FE8-4C6C-BB8A-4E32E5FF78F8}.Debug|x64.Build.0 = Debug|Any CPU
		{7EB92A45-4FE8-4C6C-BB8A-4E32E5FF78F8}.Debug|x86.ActiveCfg = Debug|Any CPU
		{7EB92A45-4FE8-4C6C-BB8A-4E32E5FF78F8}.Debug|x86.Build.0 = Debug|Any CPU
		{7EB92A45-4FE8-4C6C-BB8A-4E32E5FF78F8}.Release|Any CPU.ActiveCfg = Release|Any CPU
		{7EB92A45-4FE8-4C6C-BB8A-4E32E5FF78F8}.Release|Any CPU.Build.0 = Release|Any CPU
		{7EB92A45-4FE8-4C6C-BB8A-4E32E5FF78F8}.Release|x64.ActiveCfg = Release|Any CPU
		{7EB92A45-4FE8-4C6C-BB8A-4E32E5FF78F8}.Release|x64.Build.0 = Release|Any CPU
		{7EB92A45-4FE8-4C6C-BB8A-4E32E5FF78F8}.Release|x86.ActiveCfg = Release|Any CPU
		{7EB92A45-4FE8-4C6C-BB8A-4E32E5FF78F8}.Release|x86.Build.0 = Release|Any CPU
		{E9B4B723-DEE8-4F56-B89F-2A92895D5D28}.Debug|Any CPU.ActiveCfg = Debug|Any CPU
		{E9B4B723-DEE8-4F56-B89F-2A92895D5D28}.Debug|Any CPU.Build.0 = Debug|Any CPU
		{E9B4B723-DEE8-4F56-B89F-2A92895D5D28}.Debug|x64.ActiveCfg = Debug|Any CPU
		{E9B4B723-DEE8-4F56-B89F-2A92895D5D28}.Debug|x64.Build.0 = Debug|Any CPU
		{E9B4B723-DEE8-4F56-B89F-2A92895D5D28}.Debug|x86.ActiveCfg = Debug|Any CPU
		{E9B4B723-DEE8-4F56-B89F-2A92895D5D28}.Debug|x86.Build.0 = Debug|Any CPU
		{E9B4B723-DEE8-4F56-B89F-2A92895D5D28}.Release|Any CPU.ActiveCfg = Release|Any CPU
		{E9B4B723-DEE8-4F56-B89F-2A92895D5D28}.Release|Any CPU.Build.0 = Release|Any CPU
		{E9B4B723-DEE8-4F56-B89F-2A92895D5D28}.Release|x64.ActiveCfg = Release|Any CPU
		{E9B4B723-DEE8-4F56-B89F-2A92895D5D28}.Release|x64.Build.0 = Release|Any CPU
		{E9B4B723-DEE8-4F56-B89F-2A92895D5D28}.Release|x86.ActiveCfg = Release|Any CPU
		{E9B4B723-DEE8-4F56-B89F-2A92895D5D28}.Release|x86.Build.0 = Release|Any CPU
		{8799F9AF-3E8F-4E51-BD28-BB04FEFC8CA9}.Debug|Any CPU.ActiveCfg = Debug|Any CPU
		{8799F9AF-3E8F-4E51-BD28-BB04FEFC8CA9}.Debug|Any CPU.Build.0 = Debug|Any CPU
		{8799F9AF-3E8F-4E51-BD28-BB04FEFC8CA9}.Debug|x64.ActiveCfg = Debug|Any CPU
		{8799F9AF-3E8F-4E51-BD28-BB04FEFC8CA9}.Debug|x64.Build.0 = Debug|Any CPU
		{8799F9AF-3E8F-4E51-BD28-BB04FEFC8CA9}.Debug|x86.ActiveCfg = Debug|Any CPU
		{8799F9AF-3E8F-4E51-BD28-BB04FEFC8CA9}.Debug|x86.Build.0 = Debug|Any CPU
		{8799F9AF-3E8F-4E51-BD28-BB04FEFC8CA9}.Release|Any CPU.ActiveCfg = Release|Any CPU
		{8799F9AF-3E8F-4E51-BD28-BB04FEFC8CA9}.Release|Any CPU.Build.0 = Release|Any CPU
		{8799F9AF-3E8F-4E51-BD28-BB04FEFC8CA9}.Release|x64.ActiveCfg = Release|Any CPU
		{8799F9AF-3E8F-4E51-BD28-BB04FEFC8CA9}.Release|x64.Build.0 = Release|Any CPU
		{8799F9AF-3E8F-4E51-BD28-BB04FEFC8CA9}.Release|x86.ActiveCfg = Release|Any CPU
		{8799F9AF-3E8F-4E51-BD28-BB04FEFC8CA9}.Release|x86.Build.0 = Release|Any CPU
		{FD05E32F-0D64-4771-9E1A-EA52E343C576}.Debug|Any CPU.ActiveCfg = Debug|Any CPU
		{FD05E32F-0D64-4771-9E1A-EA52E343C576}.Debug|Any CPU.Build.0 = Debug|Any CPU
		{FD05E32F-0D64-4771-9E1A-EA52E343C576}.Debug|x64.ActiveCfg = Debug|Any CPU
		{FD05E32F-0D64-4771-9E1A-EA52E343C576}.Debug|x64.Build.0 = Debug|Any CPU
		{FD05E32F-0D64-4771-9E1A-EA52E343C576}.Debug|x86.ActiveCfg = Debug|Any CPU
		{FD05E32F-0D64-4771-9E1A-EA52E343C576}.Debug|x86.Build.0 = Debug|Any CPU
		{FD05E32F-0D64-4771-9E1A-EA52E343C576}.Release|Any CPU.ActiveCfg = Release|Any CPU
		{FD05E32F-0D64-4771-9E1A-EA52E343C576}.Release|Any CPU.Build.0 = Release|Any CPU
		{FD05E32F-0D64-4771-9E1A-EA52E343C576}.Release|x64.ActiveCfg = Release|Any CPU
		{FD05E32F-0D64-4771-9E1A-EA52E343C576}.Release|x64.Build.0 = Release|Any CPU
		{FD05E32F-0D64-4771-9E1A-EA52E343C576}.Release|x86.ActiveCfg = Release|Any CPU
		{FD05E32F-0D64-4771-9E1A-EA52E343C576}.Release|x86.Build.0 = Release|Any CPU
		{7F89B730-38A7-4B0C-BF9E-082214104F76}.Debug|Any CPU.ActiveCfg = Debug|Any CPU
		{7F89B730-38A7-4B0C-BF9E-082214104F76}.Debug|Any CPU.Build.0 = Debug|Any CPU
		{7F89B730-38A7-4B0C-BF9E-082214104F76}.Debug|x64.ActiveCfg = Debug|Any CPU
		{7F89B730-38A7-4B0C-BF9E-082214104F76}.Debug|x64.Build.0 = Debug|Any CPU
		{7F89B730-38A7-4B0C-BF9E-082214104F76}.Debug|x86.ActiveCfg = Debug|Any CPU
		{7F89B730-38A7-4B0C-BF9E-082214104F76}.Debug|x86.Build.0 = Debug|Any CPU
		{7F89B730-38A7-4B0C-BF9E-082214104F76}.Release|Any CPU.ActiveCfg = Release|Any CPU
		{7F89B730-38A7-4B0C-BF9E-082214104F76}.Release|Any CPU.Build.0 = Release|Any CPU
		{7F89B730-38A7-4B0C-BF9E-082214104F76}.Release|x64.ActiveCfg = Release|Any CPU
		{7F89B730-38A7-4B0C-BF9E-082214104F76}.Release|x64.Build.0 = Release|Any CPU
		{7F89B730-38A7-4B0C-BF9E-082214104F76}.Release|x86.ActiveCfg = Release|Any CPU
		{7F89B730-38A7-4B0C-BF9E-082214104F76}.Release|x86.Build.0 = Release|Any CPU
		{94BED81B-7CE8-408A-AD78-CBAEED94D0B6}.Debug|Any CPU.ActiveCfg = Debug|Any CPU
		{94BED81B-7CE8-408A-AD78-CBAEED94D0B6}.Debug|Any CPU.Build.0 = Debug|Any CPU
		{94BED81B-7CE8-408A-AD78-CBAEED94D0B6}.Debug|x64.ActiveCfg = Debug|Any CPU
		{94BED81B-7CE8-408A-AD78-CBAEED94D0B6}.Debug|x64.Build.0 = Debug|Any CPU
		{94BED81B-7CE8-408A-AD78-CBAEED94D0B6}.Debug|x86.ActiveCfg = Debug|Any CPU
		{94BED81B-7CE8-408A-AD78-CBAEED94D0B6}.Debug|x86.Build.0 = Debug|Any CPU
		{94BED81B-7CE8-408A-AD78-CBAEED94D0B6}.Release|Any CPU.ActiveCfg = Release|Any CPU
		{94BED81B-7CE8-408A-AD78-CBAEED94D0B6}.Release|Any CPU.Build.0 = Release|Any CPU
		{94BED81B-7CE8-408A-AD78-CBAEED94D0B6}.Release|x64.ActiveCfg = Release|Any CPU
		{94BED81B-7CE8-408A-AD78-CBAEED94D0B6}.Release|x64.Build.0 = Release|Any CPU
		{94BED81B-7CE8-408A-AD78-CBAEED94D0B6}.Release|x86.ActiveCfg = Release|Any CPU
		{94BED81B-7CE8-408A-AD78-CBAEED94D0B6}.Release|x86.Build.0 = Release|Any CPU
		{65A57741-8B89-4EB4-ACC7-BB4E470107DD}.Debug|Any CPU.ActiveCfg = Debug|Any CPU
		{65A57741-8B89-4EB4-ACC7-BB4E470107DD}.Debug|Any CPU.Build.0 = Debug|Any CPU
		{65A57741-8B89-4EB4-ACC7-BB4E470107DD}.Debug|x64.ActiveCfg = Debug|Any CPU
		{65A57741-8B89-4EB4-ACC7-BB4E470107DD}.Debug|x64.Build.0 = Debug|Any CPU
		{65A57741-8B89-4EB4-ACC7-BB4E470107DD}.Debug|x86.ActiveCfg = Debug|Any CPU
		{65A57741-8B89-4EB4-ACC7-BB4E470107DD}.Debug|x86.Build.0 = Debug|Any CPU
		{65A57741-8B89-4EB4-ACC7-BB4E470107DD}.Release|Any CPU.ActiveCfg = Release|Any CPU
		{65A57741-8B89-4EB4-ACC7-BB4E470107DD}.Release|Any CPU.Build.0 = Release|Any CPU
		{65A57741-8B89-4EB4-ACC7-BB4E470107DD}.Release|x64.ActiveCfg = Release|Any CPU
		{65A57741-8B89-4EB4-ACC7-BB4E470107DD}.Release|x64.Build.0 = Release|Any CPU
		{65A57741-8B89-4EB4-ACC7-BB4E470107DD}.Release|x86.ActiveCfg = Release|Any CPU
		{65A57741-8B89-4EB4-ACC7-BB4E470107DD}.Release|x86.Build.0 = Release|Any CPU
	EndGlobalSection
	GlobalSection(SolutionProperties) = preSolution
		HideSolutionNode = FALSE
	EndGlobalSection
	GlobalSection(NestedProjects) = preSolution
		{6EBE7288-4F3F-4618-98A1-40979DAB735E} = {827E0CD3-B72D-47B6-A68D-7590B98EB39B}
		{7EB92A45-4FE8-4C6C-BB8A-4E32E5FF78F8} = {827E0CD3-B72D-47B6-A68D-7590B98EB39B}
		{E9B4B723-DEE8-4F56-B89F-2A92895D5D28} = {827E0CD3-B72D-47B6-A68D-7590B98EB39B}
		{8799F9AF-3E8F-4E51-BD28-BB04FEFC8CA9} = {827E0CD3-B72D-47B6-A68D-7590B98EB39B}
		{FD05E32F-0D64-4771-9E1A-EA52E343C576} = {0AB3BF05-4346-4AA6-1389-037BE0695223}
		{7F89B730-38A7-4B0C-BF9E-082214104F76} = {0AB3BF05-4346-4AA6-1389-037BE0695223}
		{94BED81B-7CE8-408A-AD78-CBAEED94D0B6} = {0AB3BF05-4346-4AA6-1389-037BE0695223}
		{65A57741-8B89-4EB4-ACC7-BB4E470107DD} = {0AB3BF05-4346-4AA6-1389-037BE0695223}
	EndGlobalSection
EndGlobal
